{
  "version": 4,
  "terraform_version": "1.3.0",
  "serial": 184,
  "lineage": "f367cf0e-d55c-d3a3-7350-80b6e8290db7",
  "outputs": {},
  "resources": [
    {
      "module": "module.webserver-1",
      "mode": "managed",
      "type": "aws_instance",
      "name": "ec2_example",
      "provider": "provider[\"registry.terraform.io/hashicorp/aws\"]",
      "instances": [
        {
          "schema_version": 1,
          "attributes": {
            "ami": "ami-000340e2c761dddcd",
            "arn": "arn:aws:ec2:us-west-2:155604679433:instance/i-06af79ed6cf8fe434",
            "associate_public_ip_address": true,
            "availability_zone": "us-west-2a",
            "capacity_reservation_specification": [
              {
                "capacity_reservation_preference": "open",
                "capacity_reservation_target": []
              }
            ],
            "cpu_core_count": 1,
            "cpu_threads_per_core": 1,
            "credit_specification": [
              {
                "cpu_credits": "standard"
              }
            ],
            "disable_api_stop": false,
            "disable_api_termination": false,
            "ebs_block_device": [],
            "ebs_optimized": false,
            "enclave_options": [
              {
                "enabled": false
              }
            ],
            "ephemeral_block_device": [],
            "get_password_data": false,
            "hibernation": false,
            "host_id": null,
            "host_resource_group_arn": null,
            "iam_instance_profile": "",
            "id": "i-06af79ed6cf8fe434",
            "instance_initiated_shutdown_behavior": "stop",
            "instance_state": "running",
            "instance_type": "t2.micro",
            "ipv6_address_count": 0,
            "ipv6_addresses": [],
            "key_name": "aws_key1",
            "launch_template": [],
            "maintenance_options": [
              {
                "auto_recovery": "default"
              }
            ],
            "metadata_options": [
              {
                "http_endpoint": "enabled",
                "http_put_response_hop_limit": 1,
                "http_tokens": "optional",
                "instance_metadata_tags": "disabled"
              }
            ],
            "monitoring": false,
            "network_interface": [],
            "outpost_arn": "",
            "password_data": "",
            "placement_group": "",
            "placement_partition_number": null,
            "primary_network_interface_id": "eni-0e8e184be0a4690a1",
            "private_dns": "ip-172-31-30-29.us-west-2.compute.internal",
            "private_dns_name_options": [
              {
                "enable_resource_name_dns_a_record": false,
                "enable_resource_name_dns_aaaa_record": false,
                "hostname_type": "ip-name"
              }
            ],
            "private_ip": "172.31.30.29",
            "public_dns": "ec2-34-217-129-241.us-west-2.compute.amazonaws.com",
            "public_ip": "34.217.129.241",
            "root_block_device": [
              {
                "delete_on_termination": true,
                "device_name": "/dev/sda1",
                "encrypted": false,
                "iops": 100,
                "kms_key_id": "",
                "tags": {},
                "throughput": 0,
                "volume_id": "vol-00086fb44491f03d1",
                "volume_size": 8,
                "volume_type": "gp2"
              }
            ],
            "secondary_private_ips": [],
            "security_groups": [
              "EC2-webserver-SG-new"
            ],
            "source_dest_check": true,
            "subnet_id": "subnet-0d2a0f26846c3d3de",
            "tags": {
              "Name": "Akshayinstance"
            },
            "tags_all": {
              "Name": "Akshayinstance"
            },
            "tenancy": "default",
            "timeouts": null,
            "user_data": "ebf0a318683b56ce80a58da0fc7246f3a8ce0317",
            "user_data_base64": null,
            "user_data_replace_on_change": false,
            "volume_tags": null,
            "vpc_security_group_ids": [
              "sg-0cf76ae528833cc7d"
            ]
          },
          "sensitive_attributes": [],
          "private": "eyJlMmJmYjczMC1lY2FhLTExZTYtOGY4OC0zNDM2M2JjN2M0YzAiOnsiY3JlYXRlIjo2MDAwMDAwMDAwMDAsImRlbGV0ZSI6MTIwMDAwMDAwMDAwMCwidXBkYXRlIjo2MDAwMDAwMDAwMDB9LCJzY2hlbWFfdmVyc2lvbiI6IjEifQ==",
          "dependencies": [
            "module.webserver-1.aws_key_pair.deployer",
            "module.webserver-1.aws_security_group.module1"
          ]
        }
      ]
    },
    {
      "module": "module.webserver-1",
      "mode": "managed",
      "type": "aws_key_pair",
      "name": "deployer",
      "provider": "provider[\"registry.terraform.io/hashicorp/aws\"]",
      "instances": [
        {
          "schema_version": 1,
          "attributes": {
            "arn": "arn:aws:ec2:us-west-2:155604679433:key-pair/aws_key1",
            "fingerprint": "f6:cd:3c:f8:ee:bd:93:60:1f:85:f0:3d:62:b2:4d:fd",
            "id": "aws_key1",
            "key_name": "aws_key1",
            "key_name_prefix": "",
            "key_pair_id": "key-05be3432303ca06c7",
            "key_type": "rsa",
            "public_key": "ssh-rsa AAAAB3NzaC1yc2EAAAADAQABAAABgQDS6H9AcPkEwMio1U7suu8exD3BKdRO0Y6CATa+T9/u33S88yUL+Yit7bqpUWyYOrXl3+Y+tOn6+zcuxQObXNfOZkzbComCl29M7pF3HJ4gPOlQdrp/ZFXx5qzUsKA+gdOUzXcQZRUZbBCZAtuFZ30pVlWYkrSsFFT9OqpXgyZhKGKg/D+byRvWeiOz2XlmNZiSU5xiQYnL7FTf9gopDBaPq61kndIXLLA0QWrrqX/wLu2rRP0fgGurg4nRNjknmPAZZDTmqotpWC67dt8V4e1h1lXxgcw48JmJp8eH+LdUe1SS2O/XDLluTAvG+ecJO0bBlrRtFg32CGdVkt8kVL7gvcDWilx2p2tWWp0ZGN9A4uhNwUe6Qpfpk8C3N7oQHJ5HG7lQVnR5uy0DOa015mf4nkryeDHGpNcNcvki6zC/nMxbaCKckClQftqEtbgs3P8DR2JE1M8zdtVEuLUaHIKJ4hsdU+HNkymxvPwJQ4Oeq8le+7qF8pxd8KpD3lb5LmU= RADHIKA@DESKTOP-QL88J6E",
            "tags": null,
            "tags_all": {}
          },
          "sensitive_attributes": [],
          "private": "eyJzY2hlbWFfdmVyc2lvbiI6IjEifQ=="
        }
      ]
    },
    {
      "module": "module.webserver-1",
      "mode": "managed",
      "type": "aws_security_group",
      "name": "module1",
      "provider": "provider[\"registry.terraform.io/hashicorp/aws\"]",
      "instances": [
        {
          "schema_version": 1,
          "attributes": {
            "arn": "arn:aws:ec2:us-west-2:155604679433:security-group/sg-0cf76ae528833cc7d",
            "description": "Webserver for EC2 Instances",
            "egress": [
              {
                "cidr_blocks": [
                  "0.0.0.0/0"
                ],
                "description": "",
                "from_port": 0,
                "ipv6_cidr_blocks": [],
                "prefix_list_ids": [],
                "protocol": "-1",
                "security_groups": [],
                "self": false,
                "to_port": 0
              }
            ],
            "id": "sg-0cf76ae528833cc7d",
            "ingress": [
              {
                "cidr_blocks": [
                  "0.0.0.0/0"
                ],
                "description": "",
                "from_port": 22,
                "ipv6_cidr_blocks": [],
                "prefix_list_ids": [],
                "protocol": "tcp",
                "security_groups": [],
                "self": false,
                "to_port": 22
              },
              {
                "cidr_blocks": [
                  "0.0.0.0/0"
                ],
                "description": "",
                "from_port": 80,
                "ipv6_cidr_blocks": [],
                "prefix_list_ids": [],
                "protocol": "tcp",
                "security_groups": [],
                "self": false,
                "to_port": 80
              }
            ],
            "name": "EC2-webserver-SG-new",
            "name_prefix": "",
            "owner_id": "155604679433",
            "revoke_rules_on_delete": false,
            "tags": null,
            "tags_all": {},
            "timeouts": null,
            "vpc_id": "vpc-058023795e209cfce"
          },
          "sensitive_attributes": [],
          "private": "eyJlMmJmYjczMC1lY2FhLTExZTYtOGY4OC0zNDM2M2JjN2M0YzAiOnsiY3JlYXRlIjo2MDAwMDAwMDAwMDAsImRlbGV0ZSI6OTAwMDAwMDAwMDAwfSwic2NoZW1hX3ZlcnNpb24iOiIxIn0="
        }
      ]
    }
  ],
  "check_results": []
}
